# THIS IS AN AUTOGENERATED FILE. DO NOT EDIT THIS FILE DIRECTLY.
# yarn lockfile v1


undici@^6.19.8:
  version "6.19.8"
  resolved "https://registry.yarnpkg.com/undici/-/undici-6.19.8.tgz#002d7c8a28f8cc3a44ff33c3d4be4d85e15d40e1"
  integrity sha512-U8uCCl2x9TK3WANvmBavymRzxbfFYG+tAu+fgx3zxQy3qdagQqBLwJVrdyO1TBfUXvfKveMKJZhpvUYoOjM+4g==
